
Microsoft Visual Studio Solution File, Format Version 12.00
# Visual Studio Version 17
VisualStudioVersion = 17.5.33502.453
MinimumVisualStudioVersion = 10.0.40219.1
Project("{2150E333-8FDC-42A3-9474-1A3956D46DE8}") = "Services", "Services", "{FDC5A472-3AFC-4BB0-857B-574E83ED6581}"
EndProject
Project("{2150E333-8FDC-42A3-9474-1A3956D46DE8}") = "Integration", "Integration", "{D1D3B1DA-6017-445E-B872-0D258644E5EC}"
EndProject
Project("{2150E333-8FDC-42A3-9474-1A3956D46DE8}") = "Gateway", "Gateway", "{595850D0-196B-4434-9EFF-1963F8A4DBA8}"
EndProject
Project("{2150E333-8FDC-42A3-9474-1A3956D46DE8}") = "Payment", "Payment", "{F146F917-000D-45AF-B22D-7FC4D210C53C}"
EndProject
Project("{2150E333-8FDC-42A3-9474-1A3956D46DE8}") = "FrontEnd", "FrontEnd", "{B377078C-2FB8-4699-9779-7437C0D9ED1C}"
EndProject
Project("{9A19103F-16F7-4668-BE54-9A1E7A4F7556}") = "PaymentProcessor", "PaymentProcessor\PaymentProcessor.csproj", "{39A7ABB4-89E1-4271-B642-666426712A86}"
EndProject
Project("{9A19103F-16F7-4668-BE54-9A1E7A4F7556}") = "BtkAkademi.GatewaySolution", "BtkAkademi.GatewaySolution\BtkAkademi.GatewaySolution.csproj", "{FB83FFDD-A4F6-4F66-BEFB-5B3D944FF2FB}"
EndProject
Project("{9A19103F-16F7-4668-BE54-9A1E7A4F7556}") = "BtkAkademi.Web", "BtkAkademi.Web\BtkAkademi.Web.csproj", "{E8759A2A-C99F-461C-B96E-010B782C341C}"
EndProject
Project("{9A19103F-16F7-4668-BE54-9A1E7A4F7556}") = "BtkAkademi.MessageBus", "BtkAkademi.MessageBus\BtkAkademi.MessageBus.csproj", "{92146F43-7DF9-4BA2-B253-072CE4252711}"
EndProject
Project("{9A19103F-16F7-4668-BE54-9A1E7A4F7556}") = "BtkAkademi.Service.ShoppingCartAPI", "BtkAkademi.Service.ShoppingCartAPI\BtkAkademi.Service.ShoppingCartAPI.csproj", "{22FC6F17-D0D2-4D83-908A-0426777612B9}"
EndProject
Project("{9A19103F-16F7-4668-BE54-9A1E7A4F7556}") = "BtkAkademi.Service.OrderAPI", "BtkAkademi.Service.OrderAPI\BtkAkademi.Service.OrderAPI.csproj", "{5D4E38D8-C39B-48A4-9B41-A9620D64100C}"
EndProject
Project("{9A19103F-16F7-4668-BE54-9A1E7A4F7556}") = "BtkAkademi.Services.CouponAPI", "BtkAkademi.Services.CouponAPI\BtkAkademi.Services.CouponAPI.csproj", "{93AB6C20-CD2C-46FA-B967-71C7287165A4}"
EndProject
Project("{9A19103F-16F7-4668-BE54-9A1E7A4F7556}") = "BtkAkademi.Services.Email", "BtkAkademi.Services.Email\BtkAkademi.Services.Email.csproj", "{6726C58E-43F6-4901-8106-B5EDE2B69592}"
EndProject
Project("{9A19103F-16F7-4668-BE54-9A1E7A4F7556}") = "BtkAkademi.Services.Identity", "BtkAkademi.Services.Identity\BtkAkademi.Services.Identity.csproj", "{9F09F19E-93EC-424F-AB57-42A03D12BCDC}"
EndProject
Project("{9A19103F-16F7-4668-BE54-9A1E7A4F7556}") = "BtkAkademi.Services.PaymentAPI", "BtkAkademi.Services.PaymentAPI\BtkAkademi.Services.PaymentAPI.csproj", "{53800D11-61E8-4D7F-B76A-AAEB9A7B8916}"
EndProject
Project("{9A19103F-16F7-4668-BE54-9A1E7A4F7556}") = "BtkAkademi.Services.ProductAPI", "BtkAkademi.Services.ProductAPI\BtkAkademi.Services.ProductAPI.csproj", "{53704766-7814-4A64-94ED-B160B0F232F9}"
EndProject
Global
	GlobalSection(SolutionConfigurationPlatforms) = preSolution
		Debug|Any CPU = Debug|Any CPU
		Release|Any CPU = Release|Any CPU
	EndGlobalSection
	GlobalSection(ProjectConfigurationPlatforms) = postSolution
		{39A7ABB4-89E1-4271-B642-666426712A86}.Debug|Any CPU.ActiveCfg = Debug|Any CPU
		{39A7ABB4-89E1-4271-B642-666426712A86}.Debug|Any CPU.Build.0 = Debug|Any CPU
		{39A7ABB4-89E1-4271-B642-666426712A86}.Release|Any CPU.ActiveCfg = Release|Any CPU
		{39A7ABB4-89E1-4271-B642-666426712A86}.Release|Any CPU.Build.0 = Release|Any CPU
		{FB83FFDD-A4F6-4F66-BEFB-5B3D944FF2FB}.Debug|Any CPU.ActiveCfg = Debug|Any CPU
		{FB83FFDD-A4F6-4F66-BEFB-5B3D944FF2FB}.Debug|Any CPU.Build.0 = Debug|Any CPU
		{FB83FFDD-A4F6-4F66-BEFB-5B3D944FF2FB}.Release|Any CPU.ActiveCfg = Release|Any CPU
		{FB83FFDD-A4F6-4F66-BEFB-5B3D944FF2FB}.Release|Any CPU.Build.0 = Release|Any CPU
		{E8759A2A-C99F-461C-B96E-010B782C341C}.Debug|Any CPU.ActiveCfg = Debug|Any CPU
		{E8759A2A-C99F-461C-B96E-010B782C341C}.Debug|Any CPU.Build.0 = Debug|Any CPU
		{E8759A2A-C99F-461C-B96E-010B782C341C}.Release|Any CPU.ActiveCfg = Release|Any CPU
		{E8759A2A-C99F-461C-B96E-010B782C341C}.Release|Any CPU.Build.0 = Release|Any CPU
		{92146F43-7DF9-4BA2-B253-072CE4252711}.Debug|Any CPU.ActiveCfg = Debug|Any CPU
		{92146F43-7DF9-4BA2-B253-072CE4252711}.Debug|Any CPU.Build.0 = Debug|Any CPU
		{92146F43-7DF9-4BA2-B253-072CE4252711}.Release|Any CPU.ActiveCfg = Release|Any CPU
		{92146F43-7DF9-4BA2-B253-072CE4252711}.Release|Any CPU.Build.0 = Release|Any CPU
		{22FC6F17-D0D2-4D83-908A-0426777612B9}.Debug|Any CPU.ActiveCfg = Debug|Any CPU
		{22FC6F17-D0D2-4D83-908A-0426777612B9}.Debug|Any CPU.Build.0 = Debug|Any CPU
		{22FC6F17-D0D2-4D83-908A-0426777612B9}.Release|Any CPU.ActiveCfg = Release|Any CPU
		{22FC6F17-D0D2-4D83-908A-0426777612B9}.Release|Any CPU.Build.0 = Release|Any CPU
		{5D4E38D8-C39B-48A4-9B41-A9620D64100C}.Debug|Any CPU.ActiveCfg = Debug|Any CPU
		{5D4E38D8-C39B-48A4-9B41-A9620D64100C}.Debug|Any CPU.Build.0 = Debug|Any CPU
		{5D4E38D8-C39B-48A4-9B41-A9620D64100C}.Release|Any CPU.ActiveCfg = Release|Any CPU
		{5D4E38D8-C39B-48A4-9B41-A9620D64100C}.Release|Any CPU.Build.0 = Release|Any CPU
		{93AB6C20-CD2C-46FA-B967-71C7287165A4}.Debug|Any CPU.ActiveCfg = Debug|Any CPU
		{93AB6C20-CD2C-46FA-B967-71C7287165A4}.Debug|Any CPU.Build.0 = Debug|Any CPU
		{93AB6C20-CD2C-46FA-B967-71C7287165A4}.Release|Any CPU.ActiveCfg = Release|Any CPU
		{93AB6C20-CD2C-46FA-B967-71C7287165A4}.Release|Any CPU.Build.0 = Release|Any CPU
		{6726C58E-43F6-4901-8106-B5EDE2B69592}.Debug|Any CPU.ActiveCfg = Debug|Any CPU
		{6726C58E-43F6-4901-8106-B5EDE2B69592}.Debug|Any CPU.Build.0 = Debug|Any CPU
		{6726C58E-43F6-4901-8106-B5EDE2B69592}.Release|Any CPU.ActiveCfg = Release|Any CPU
		{6726C58E-43F6-4901-8106-B5EDE2B69592}.Release|Any CPU.Build.0 = Release|Any CPU
		{9F09F19E-93EC-424F-AB57-42A03D12BCDC}.Debug|Any CPU.ActiveCfg = Debug|Any CPU
		{9F09F19E-93EC-424F-AB57-42A03D12BCDC}.Debug|Any CPU.Build.0 = Debug|Any CPU
		{9F09F19E-93EC-424F-AB57-42A03D12BCDC}.Release|Any CPU.ActiveCfg = Release|Any CPU
		{9F09F19E-93EC-424F-AB57-42A03D12BCDC}.Release|Any CPU.Build.0 = Release|Any CPU
		{53800D11-61E8-4D7F-B76A-AAEB9A7B8916}.Debug|Any CPU.ActiveCfg = Debug|Any CPU
		{53800D11-61E8-4D7F-B76A-AAEB9A7B8916}.Debug|Any CPU.Build.0 = Debug|Any CPU
		{53800D11-61E8-4D7F-B76A-AAEB9A7B8916}.Release|Any CPU.ActiveCfg = Release|Any CPU
		{53800D11-61E8-4D7F-B76A-AAEB9A7B8916}.Release|Any CPU.Build.0 = Release|Any CPU
		{53704766-7814-4A64-94ED-B160B0F232F9}.Debug|Any CPU.ActiveCfg = Debug|Any CPU
		{53704766-7814-4A64-94ED-B160B0F232F9}.Debug|Any CPU.Build.0 = Debug|Any CPU
		{53704766-7814-4A64-94ED-B160B0F232F9}.Release|Any CPU.ActiveCfg = Release|Any CPU
		{53704766-7814-4A64-94ED-B160B0F232F9}.Release|Any CPU.Build.0 = Release|Any CPU
	EndGlobalSection
	GlobalSection(SolutionProperties) = preSolution
		HideSolutionNode = FALSE
	EndGlobalSection
	GlobalSection(NestedProjects) = preSolution
		{39A7ABB4-89E1-4271-B642-666426712A86} = {F146F917-000D-45AF-B22D-7FC4D210C53C}
		{FB83FFDD-A4F6-4F66-BEFB-5B3D944FF2FB} = {595850D0-196B-4434-9EFF-1963F8A4DBA8}
		{E8759A2A-C99F-461C-B96E-010B782C341C} = {B377078C-2FB8-4699-9779-7437C0D9ED1C}
		{92146F43-7DF9-4BA2-B253-072CE4252711} = {D1D3B1DA-6017-445E-B872-0D258644E5EC}
		{22FC6F17-D0D2-4D83-908A-0426777612B9} = {FDC5A472-3AFC-4BB0-857B-574E83ED6581}
		{5D4E38D8-C39B-48A4-9B41-A9620D64100C} = {FDC5A472-3AFC-4BB0-857B-574E83ED6581}
		{93AB6C20-CD2C-46FA-B967-71C7287165A4} = {FDC5A472-3AFC-4BB0-857B-574E83ED6581}
		{6726C58E-43F6-4901-8106-B5EDE2B69592} = {FDC5A472-3AFC-4BB0-857B-574E83ED6581}
		{9F09F19E-93EC-424F-AB57-42A03D12BCDC} = {FDC5A472-3AFC-4BB0-857B-574E83ED6581}
		{53800D11-61E8-4D7F-B76A-AAEB9A7B8916} = {FDC5A472-3AFC-4BB0-857B-574E83ED6581}
		{53704766-7814-4A64-94ED-B160B0F232F9} = {FDC5A472-3AFC-4BB0-857B-574E83ED6581}
	EndGlobalSection
	GlobalSection(ExtensibilityGlobals) = postSolution
		SolutionGuid = {47B06EDB-1522-4DFB-BE7C-B7EDFDC499C7}
	EndGlobalSection
EndGlobal
